{
  "version": 2,
  "dependencies": {
    ".NETStandard,Version=v2.1": {
      "Krafs.Publicizer": {
        "type": "Direct",
        "requested": "[2.3.0, )",
        "resolved": "2.3.0",
        "contentHash": "DjktTgctwxUMhMkWKrRECer3LR1lHzanCOlE4mpinAiY8SfWJq4DG/QitP5h1A+WBjyWHzQSOG+204i3VpO1FA=="
      },
      "Roslynator.Analyzers": {
        "type": "Direct",
        "requested": "[4.15.0, )",
        "resolved": "4.15.0",
        "contentHash": "E8fu71Y+vzhniJKy1K13Rzwm8Vjcj7CDFBpflqncKUZfc3SzuF0kMBiyMmgXNPkjWTdE3Z+30HlGgYjHONZY/Q=="
      },
      "Roslynator.Formatting.Analyzers": {
        "type": "Direct",
        "requested": "[4.15.0, )",
        "resolved": "4.15.0",
        "contentHash": "/LvSJGJbrx+OYC2GePmiAA9fRTfz37R/oaHC2j8YK/j9lE8ykZESCGTMVGqXF5woc6RbzfJlpYkzeG6fAV6hFQ=="
      },
      "Taiwu.ModKit.References.Plugin": {
        "type": "Direct",
        "requested": "[1.0.32, )",
        "resolved": "1.0.32",
        "contentHash": "ZJ22ACrmt6wSir5Rem4Qwco4kjPr0xl3h5hOxrmjhiEtfE9YyNcAJlhXuLcIfWInfbwtLi3NSkPJVXH8Iv3xgw=="
      }
    },
    "net8.0": {
      "Krafs.Publicizer": {
        "type": "Direct",
        "requested": "[2.3.0, )",
        "resolved": "2.3.0",
        "contentHash": "DjktTgctwxUMhMkWKrRECer3LR1lHzanCOlE4mpinAiY8SfWJq4DG/QitP5h1A+WBjyWHzQSOG+204i3VpO1FA=="
      },
      "Roslynator.Analyzers": {
        "type": "Direct",
        "requested": "[4.15.0, )",
        "resolved": "4.15.0",
        "contentHash": "E8fu71Y+vzhniJKy1K13Rzwm8Vjcj7CDFBpflqncKUZfc3SzuF0kMBiyMmgXNPkjWTdE3Z+30HlGgYjHONZY/Q=="
      },
      "Roslynator.Formatting.Analyzers": {
        "type": "Direct",
        "requested": "[4.15.0, )",
        "resolved": "4.15.0",
        "contentHash": "/LvSJGJbrx+OYC2GePmiAA9fRTfz37R/oaHC2j8YK/j9lE8ykZESCGTMVGqXF5woc6RbzfJlpYkzeG6fAV6hFQ=="
      },
      "Taiwu.ModKit.References.Plugin": {
        "type": "Direct",
        "requested": "[1.0.32, )",
        "resolved": "1.0.32",
        "contentHash": "ZJ22ACrmt6wSir5Rem4Qwco4kjPr0xl3h5hOxrmjhiEtfE9YyNcAJlhXuLcIfWInfbwtLi3NSkPJVXH8Iv3xgw=="
      }
    }
  }
}