{
  "version": 2,
  "dependencies": {
    ".NETStandard,Version=v2.1": {
      "Microsoft.NET.StringTools": {
        "type": "Direct",
        "requested": "[17.11.4, )",
        "resolved": "17.11.4",
        "contentHash": "mudqUHhNpeqIdJoUx2YDWZO/I9uEDYVowan89R6wsomfnUJQk6HteoQTlNjZDixhT2B4IXMkMtgZtoceIjLRmA==",
        "dependencies": {
          "System.Memory": "4.5.5",
          "System.Runtime.CompilerServices.Unsafe": "6.0.0"
        }
      },
      "Roslynator.Analyzers": {
        "type": "Direct",
        "requested": "[4.15.0, )",
        "resolved": "4.15.0",
        "contentHash": "E8fu71Y+vzhniJKy1K13Rzwm8Vjcj7CDFBpflqncKUZfc3SzuF0kMBiyMmgXNPkjWTdE3Z+30HlGgYjHONZY/Q=="
      },
      "Roslynator.Formatting.Analyzers": {
        "type": "Direct",
        "requested": "[4.15.0, )",
        "resolved": "4.15.0",
        "contentHash": "/LvSJGJbrx+OYC2GePmiAA9fRTfz37R/oaHC2j8YK/j9lE8ykZESCGTMVGqXF5woc6RbzfJlpYkzeG6fAV6hFQ=="
      },
      "Taiwu.ModKit.Dependencies.MessagePipe": {
        "type": "Direct",
        "requested": "[1.8.2-unity2022.3.62f2, )",
        "resolved": "1.8.2-unity2022.3.62f2",
        "contentHash": "fl1DBu1NMg5PQRId8ot4PQtLWS46D572vLf8TcP4z18qQqCgwGYI+dtIw8/bjepjU0azusl4h8t7z/BGlQTSBw=="
      },
      "Taiwu.ModKit.Dependencies.MessagePipe.Interprocess": {
        "type": "Direct",
        "requested": "[1.8.2-unity2022.3.62f2, )",
        "resolved": "1.8.2-unity2022.3.62f2",
        "contentHash": "qPovbNC9wU+0V0g90gJ2wpn5R1pSYbp+D1p5CmDhcguBaWcZps1x3lSr3gdb63GffWH+nfCWag0wsYqwfq4SIQ==",
        "dependencies": {
          "MessagePack": "[3.1.4]"
        }
      },
      "Taiwu.ModKit.Dependencies.MessagePipe.VContainer": {
        "type": "Direct",
        "requested": "[1.8.2-unity2022.3.62f2, )",
        "resolved": "1.8.2-unity2022.3.62f2",
        "contentHash": "kA6BPOE1DLxtmqF58aAXH0WNvsLxsUPmO+Ma9SEkIGqIomP+z/+AaxURun/e7Ka+Yz3pgOgbOA5pBe9dfnL3rQ=="
      },
      "Taiwu.ModKit.Dependencies.UniTask": {
        "type": "Direct",
        "requested": "[2.5.11-unity2022.3.62f2, )",
        "resolved": "2.5.11-unity2022.3.62f2",
        "contentHash": "nMBcZEMhOz7cvSJX1M9e5C6VyRlTQ6uqKjw5Xid+1MURjw0N+Wn4CiTRN69ZkjSMKPjlsJELszEZEWX5+yOMFQ=="
      },
      "Taiwu.ModKit.Dependencies.VContainer": {
        "type": "Direct",
        "requested": "[1.18.0-unity2022.3.62f2, )",
        "resolved": "1.18.0-unity2022.3.62f2",
        "contentHash": "LRqPC6q3zeBB6gwTJ74oVhFfZHgoWtmy96ejjR8rzR8S5YGQ21v/eTp31kzyNq2pgqn9tZ2l+Bu6dniDf7SYOA=="
      },
      "Taiwu.ModKit.References.Frontend": {
        "type": "Direct",
        "requested": "[0.84.46-test, )",
        "resolved": "0.84.46-test",
        "contentHash": "XYtCwapP0SDPR880immBkPjOOGr9JTVV4OJatUP7PcBYtk42uI1Cla1/aIT9l81zTDse5XmJ4DtmBxZGghHdcw==",
        "dependencies": {
          "Taiwu.ModKit.References.Plugin": "[0.84.46-test]",
          "Taiwu.ModKit.References.Shared": "[0.84.46-test]",
          "Taiwu.ModKit.References.Unity": "[0.84.46-test]"
        }
      },
      "Taiwu.ModKit.References.Plugin": {
        "type": "Direct",
        "requested": "[0.84.46-test, )",
        "resolved": "0.84.46-test",
        "contentHash": "7qNz5BdFeFJelK4Q0TzWtfe/n/zm5+TqQQa/Jwl2iBl+r6WxZ5wsWD5FIWZuyifyipSwTJFY4LdmpknHA3JEdA=="
      },
      "MessagePack": {
        "type": "Transitive",
        "resolved": "3.1.4",
        "contentHash": "BH0wlHWmVoZpbAPyyt2Awbq30C+ZsS3eHSkYdnyUAbqVJ22fAJDzn2xTieBeoT5QlcBzp61vHcv878YJGfi3mg==",
        "dependencies": {
          "MessagePack.Annotations": "3.1.4",
          "MessagePackAnalyzer": "3.1.4",
          "Microsoft.NET.StringTools": "17.11.4",
          "System.Collections.Immutable": "8.0.0"
        }
      },
      "MessagePack.Annotations": {
        "type": "Transitive",
        "resolved": "3.1.4",
        "contentHash": "aVWrDAkCdqxwQsz/q0ldPh2EFn48M99YUzE9OvZjMq2RNLKz4o2z88iGFvSvbMqOWRweRvKPHBJZe22PRqzslQ=="
      },
      "MessagePackAnalyzer": {
        "type": "Transitive",
        "resolved": "3.1.4",
        "contentHash": "CTaSsN/liJ7MhLCAB7Z4ZLBNuVGCq9lt2BT/cbrc9vzGv89yK3CqIA+z9T19a11eQYl9etZHL6MQJgCqECRVpg=="
      },
      "System.Buffers": {
        "type": "Transitive",
        "resolved": "4.5.1",
        "contentHash": "Rw7ijyl1qqRS0YQD/WycNst8hUUMgrMH4FCn1nNm27M4VxchZ1js3fVjQaANHO5f3sN4isvP4a+Met9Y4YomAg=="
      },
      "System.Collections.Immutable": {
        "type": "Transitive",
        "resolved": "8.0.0",
        "contentHash": "AurL6Y5BA1WotzlEvVaIDpqzpIPvYnnldxru8oXJU2yFxFUy3+pNXjXd1ymO+RA0rq0+590Q8gaz2l3Sr7fmqg==",
        "dependencies": {
          "System.Memory": "4.5.5",
          "System.Runtime.CompilerServices.Unsafe": "6.0.0"
        }
      },
      "System.Memory": {
        "type": "Transitive",
        "resolved": "4.5.5",
        "contentHash": "XIWiDvKPXaTveaB7HVganDlOCRoj03l+jrwNvcge/t8vhGYKvqV+dMv6G4SAX2NoNmN0wZfVPTAlFwZcZvVOUw==",
        "dependencies": {
          "System.Buffers": "4.5.1",
          "System.Numerics.Vectors": "4.4.0",
          "System.Runtime.CompilerServices.Unsafe": "4.5.3"
        }
      },
      "System.Numerics.Vectors": {
        "type": "Transitive",
        "resolved": "4.4.0",
        "contentHash": "UiLzLW+Lw6HLed1Hcg+8jSRttrbuXv7DANVj0DkL9g6EnnzbL75EB7EWsw5uRbhxd/4YdG8li5XizGWepmG3PQ=="
      },
      "System.Runtime.CompilerServices.Unsafe": {
        "type": "Transitive",
        "resolved": "6.0.0",
        "contentHash": "/iUeP3tq1S0XdNNoMz5C9twLSrM/TH+qElHkXWaPvuNOt+99G75NrV0OS2EqHx5wMN7popYjpc8oTjC1y16DLg=="
      },
      "Taiwu.ModKit.References.Shared": {
        "type": "CentralTransitive",
        "requested": "[0.84.46-test, )",
        "resolved": "0.84.46-test",
        "contentHash": "L2UMAlASZfcdY02RWWXyw94oQfqZoDfY7Hk2tv15F1JybH9sXG5sm78exRqLV0iDQJkiAhTf6dmc4qoY/96lcQ==",
        "dependencies": {
          "Taiwu.ModKit.References.Plugin": "[0.84.46-test]"
        }
      },
      "Taiwu.ModKit.References.Unity": {
        "type": "CentralTransitive",
        "requested": "[0.84.46-test, )",
        "resolved": "0.84.46-test",
        "contentHash": "U6Mn3UORopp6AAlWizbtKxkh5B2gl2sWHajN4UXVcgbu82nhZYwNb2whas1VpSYuRb5wBQwkbp4F4uoiPfvXnQ=="
      }
    }
  }
}