{
  "version": 2,
  "dependencies": {
    ".NETStandard,Version=v2.1": {
      "Roslynator.Analyzers": {
        "type": "Direct",
        "requested": "[4.15.0, )",
        "resolved": "4.15.0",
        "contentHash": "E8fu71Y+vzhniJKy1K13Rzwm8Vjcj7CDFBpflqncKUZfc3SzuF0kMBiyMmgXNPkjWTdE3Z+30HlGgYjHONZY/Q=="
      },
      "Roslynator.Formatting.Analyzers": {
        "type": "Direct",
        "requested": "[4.15.0, )",
        "resolved": "4.15.0",
        "contentHash": "/LvSJGJbrx+OYC2GePmiAA9fRTfz37R/oaHC2j8YK/j9lE8ykZESCGTMVGqXF5woc6RbzfJlpYkzeG6fAV6hFQ=="
      },
      "Taiwu.ModKit.References.Shared": {
        "type": "Direct",
        "requested": "[1.0.46, )",
        "resolved": "1.0.46",
        "contentHash": "BHyzu08o/+Y51XkySKgumi6kZ9FmklYf2iQ2AT0xRPTMWcqGaKrxIvLe+XoPNsjhCU+Z0HsPorULxw3LmVU/nw==",
        "dependencies": {
          "Taiwu.ModKit.References.Plugin": "[1.0.46]"
        }
      },
      "Taiwu.ModKit.References.Plugin": {
        "type": "CentralTransitive",
        "requested": "[1.0.46, )",
        "resolved": "1.0.46",
        "contentHash": "v9l+URzRR6WWDSOttJhapV1mpfdO7V7H0l8TkAbPM8QI5jWNwF7LdZqx81u6lO86NORsNBFtIn2Me2XZvAKgtw=="
      }
    },
    "net10.0": {
      "Roslynator.Analyzers": {
        "type": "Direct",
        "requested": "[4.15.0, )",
        "resolved": "4.15.0",
        "contentHash": "E8fu71Y+vzhniJKy1K13Rzwm8Vjcj7CDFBpflqncKUZfc3SzuF0kMBiyMmgXNPkjWTdE3Z+30HlGgYjHONZY/Q=="
      },
      "Roslynator.Formatting.Analyzers": {
        "type": "Direct",
        "requested": "[4.15.0, )",
        "resolved": "4.15.0",
        "contentHash": "/LvSJGJbrx+OYC2GePmiAA9fRTfz37R/oaHC2j8YK/j9lE8ykZESCGTMVGqXF5woc6RbzfJlpYkzeG6fAV6hFQ=="
      }
    }
  }
}