{
  "version": 2,
  "dependencies": {
    ".NETStandard,Version=v2.1": {
      "Krafs.Publicizer": {
        "type": "Direct",
        "requested": "[2.3.0, )",
        "resolved": "2.3.0",
        "contentHash": "DjktTgctwxUMhMkWKrRECer3LR1lHzanCOlE4mpinAiY8SfWJq4DG/QitP5h1A+WBjyWHzQSOG+204i3VpO1FA=="
      },
      "Roslynator.Analyzers": {
        "type": "Direct",
        "requested": "[4.15.0, )",
        "resolved": "4.15.0",
        "contentHash": "E8fu71Y+vzhniJKy1K13Rzwm8Vjcj7CDFBpflqncKUZfc3SzuF0kMBiyMmgXNPkjWTdE3Z+30HlGgYjHONZY/Q=="
      },
      "Roslynator.Formatting.Analyzers": {
        "type": "Direct",
        "requested": "[4.15.0, )",
        "resolved": "4.15.0",
        "contentHash": "/LvSJGJbrx+OYC2GePmiAA9fRTfz37R/oaHC2j8YK/j9lE8ykZESCGTMVGqXF5woc6RbzfJlpYkzeG6fAV6hFQ=="
      },
      "Taiwu.ModKit.Dependencies.MessagePipe": {
        "type": "Direct",
        "requested": "[1.8.2-unity2022.3.62f2, )",
        "resolved": "1.8.2-unity2022.3.62f2",
        "contentHash": "fl1DBu1NMg5PQRId8ot4PQtLWS46D572vLf8TcP4z18qQqCgwGYI+dtIw8/bjepjU0azusl4h8t7z/BGlQTSBw=="
      },
      "Taiwu.ModKit.Dependencies.MessagePipe.Interprocess": {
        "type": "Direct",
        "requested": "[1.8.2-unity2022.3.62f2, )",
        "resolved": "1.8.2-unity2022.3.62f2",
        "contentHash": "qPovbNC9wU+0V0g90gJ2wpn5R1pSYbp+D1p5CmDhcguBaWcZps1x3lSr3gdb63GffWH+nfCWag0wsYqwfq4SIQ==",
        "dependencies": {
          "MessagePack": "[3.1.4]"
        }
      },
      "Taiwu.ModKit.Dependencies.MessagePipe.VContainer": {
        "type": "Direct",
        "requested": "[1.8.2-unity2022.3.62f2, )",
        "resolved": "1.8.2-unity2022.3.62f2",
        "contentHash": "kA6BPOE1DLxtmqF58aAXH0WNvsLxsUPmO+Ma9SEkIGqIomP+z/+AaxURun/e7Ka+Yz3pgOgbOA5pBe9dfnL3rQ=="
      },
      "Taiwu.ModKit.Dependencies.UniTask": {
        "type": "Direct",
        "requested": "[2.5.11-unity2022.3.62f2, )",
        "resolved": "2.5.11-unity2022.3.62f2",
        "contentHash": "nMBcZEMhOz7cvSJX1M9e5C6VyRlTQ6uqKjw5Xid+1MURjw0N+Wn4CiTRN69ZkjSMKPjlsJELszEZEWX5+yOMFQ=="
      },
      "Taiwu.ModKit.Dependencies.VContainer": {
        "type": "Direct",
        "requested": "[1.18.0-unity2022.3.62f2, )",
        "resolved": "1.18.0-unity2022.3.62f2",
        "contentHash": "B6eeeVeMOB2MFIyrKqHqxaE5MwtGuKx3XjAv6IWon3yM7l+Io8YOXQByjRZajergjPKoQ+gNPniW4q547oPfHg=="
      },
      "Taiwu.ModKit.References.Plugin": {
        "type": "Direct",
        "requested": "[0.84.46-test, )",
        "resolved": "0.84.46-test",
        "contentHash": "7qNz5BdFeFJelK4Q0TzWtfe/n/zm5+TqQQa/Jwl2iBl+r6WxZ5wsWD5FIWZuyifyipSwTJFY4LdmpknHA3JEdA=="
      },
      "Taiwu.ModKit.References.Unity": {
        "type": "Direct",
        "requested": "[0.84.46-test, )",
        "resolved": "0.84.46-test",
        "contentHash": "U6Mn3UORopp6AAlWizbtKxkh5B2gl2sWHajN4UXVcgbu82nhZYwNb2whas1VpSYuRb5wBQwkbp4F4uoiPfvXnQ=="
      },
      "MessagePack": {
        "type": "Transitive",
        "resolved": "3.1.4",
        "contentHash": "BH0wlHWmVoZpbAPyyt2Awbq30C+ZsS3eHSkYdnyUAbqVJ22fAJDzn2xTieBeoT5QlcBzp61vHcv878YJGfi3mg==",
        "dependencies": {
          "MessagePack.Annotations": "3.1.4",
          "MessagePackAnalyzer": "3.1.4",
          "Microsoft.NET.StringTools": "17.11.4",
          "System.Collections.Immutable": "8.0.0"
        }
      },
      "MessagePack.Annotations": {
        "type": "Transitive",
        "resolved": "3.1.4",
        "contentHash": "aVWrDAkCdqxwQsz/q0ldPh2EFn48M99YUzE9OvZjMq2RNLKz4o2z88iGFvSvbMqOWRweRvKPHBJZe22PRqzslQ=="
      },
      "MessagePackAnalyzer": {
        "type": "Transitive",
        "resolved": "3.1.4",
        "contentHash": "CTaSsN/liJ7MhLCAB7Z4ZLBNuVGCq9lt2BT/cbrc9vzGv89yK3CqIA+z9T19a11eQYl9etZHL6MQJgCqECRVpg=="
      },
      "Microsoft.Bcl.AsyncInterfaces": {
        "type": "Transitive",
        "resolved": "10.0.7",
        "contentHash": "g0Xp9A+B8jCf5pNIIhFOQXPJkte3D87shfTLY+ylwfSh22U5oQH6tvvmcUuqJvt/wtwKk0WdNp2OGEczHJlJdg=="
      },
      "Microsoft.NET.StringTools": {
        "type": "Transitive",
        "resolved": "17.11.4",
        "contentHash": "mudqUHhNpeqIdJoUx2YDWZO/I9uEDYVowan89R6wsomfnUJQk6HteoQTlNjZDixhT2B4IXMkMtgZtoceIjLRmA==",
        "dependencies": {
          "System.Memory": "4.5.5",
          "System.Runtime.CompilerServices.Unsafe": "6.0.0"
        }
      },
      "System.Buffers": {
        "type": "Transitive",
        "resolved": "4.6.1",
        "contentHash": "N8GXpmiLMtljq7gwvyS+1QvKT/W2J8sNAvx+HVg4NGmsG/H+2k/y9QI23auLJRterrzCiDH+IWAw4V/GPwsMlw=="
      },
      "System.Collections.Immutable": {
        "type": "Transitive",
        "resolved": "8.0.0",
        "contentHash": "AurL6Y5BA1WotzlEvVaIDpqzpIPvYnnldxru8oXJU2yFxFUy3+pNXjXd1ymO+RA0rq0+590Q8gaz2l3Sr7fmqg==",
        "dependencies": {
          "System.Memory": "4.5.5",
          "System.Runtime.CompilerServices.Unsafe": "6.0.0"
        }
      },
      "System.IO.Pipelines": {
        "type": "Transitive",
        "resolved": "10.0.7",
        "contentHash": "LTxXYYKmRhPKWveYmfzuRTUnzsfY7CN+WOq6aTRgYE9vJ8BUvIWPCaSx4HxqBwXViTPSjR9cHDOVuVPuZGRR/Q==",
        "dependencies": {
          "System.Buffers": "4.6.1",
          "System.Memory": "4.6.3",
          "System.Threading.Tasks.Extensions": "4.6.3"
        }
      },
      "System.Memory": {
        "type": "Transitive",
        "resolved": "4.6.3",
        "contentHash": "qdcDOgnFZY40+Q9876JUHnlHu7bosOHX8XISRoH94fwk6hgaeQGSgfZd8srWRZNt5bV9ZW2TljcegDNxsf+96A=="
      },
      "System.Runtime.CompilerServices.Unsafe": {
        "type": "Transitive",
        "resolved": "6.1.2",
        "contentHash": "2hBr6zdbIBTDE3EhK7NSVNdX58uTK6iHW/P/Axmm9sl1xoGSLqDvMtpecn226TNwHByFokYwJmt/aQQNlO5CRw=="
      },
      "System.Text.Encodings.Web": {
        "type": "Transitive",
        "resolved": "10.0.7",
        "contentHash": "WUH+viO8VDG8NpFKvOBwpeyKUiPOMz3kQpA6AKCD4b2NG1pBhyC4AwTb357iZmTxZDnkM4IsFnvzN8W8OKmsHg==",
        "dependencies": {
          "System.Buffers": "4.6.1",
          "System.Memory": "4.6.3",
          "System.Runtime.CompilerServices.Unsafe": "6.1.2"
        }
      },
      "System.Threading.Tasks.Extensions": {
        "type": "Transitive",
        "resolved": "4.6.3",
        "contentHash": "7sCiwilJLYbTZELaKnc7RecBBXWXA+xMLQWZKWawBxYjp6DBlSE3v9/UcvKBvr1vv2tTOhipiogM8rRmxlhrVA=="
      },
      "xiangshu.ipc": {
        "type": "Project",
        "dependencies": {
          "System.Text.Json": "[10.0.7, )"
        }
      },
      "System.Text.Json": {
        "type": "CentralTransitive",
        "requested": "[10.0.7, )",
        "resolved": "10.0.7",
        "contentHash": "F8Pu2QLUMeniVbtiyk7n7LCfFYxlcJ8ASaSwglJyq6dxa34iCQrikQszsgJClIJWuSWjcyhKkV7daAzYJqeVwA==",
        "dependencies": {
          "Microsoft.Bcl.AsyncInterfaces": "10.0.7",
          "System.Buffers": "4.6.1",
          "System.IO.Pipelines": "10.0.7",
          "System.Memory": "4.6.3",
          "System.Runtime.CompilerServices.Unsafe": "6.1.2",
          "System.Text.Encodings.Web": "10.0.7",
          "System.Threading.Tasks.Extensions": "4.6.3"
        }
      }
    }
  }
}