{
  "version": 2,
  "dependencies": {
    "net8.0": {
      "Krafs.Publicizer": {
        "type": "Direct",
        "requested": "[2.3.0, )",
        "resolved": "2.3.0",
        "contentHash": "DjktTgctwxUMhMkWKrRECer3LR1lHzanCOlE4mpinAiY8SfWJq4DG/QitP5h1A+WBjyWHzQSOG+204i3VpO1FA=="
      },
      "MessagePipe": {
        "type": "Direct",
        "requested": "[1.8.1, )",
        "resolved": "1.8.1",
        "contentHash": "64I7OIgKt+ITfD7XAyEiSQcN2izS6kFiipS/risls9NHNaOmonkumt7I2xmLawfFMqBPVSoa171EoDEaJVyJQg==",
        "dependencies": {
          "Microsoft.Extensions.DependencyInjection.Abstractions": "6.0.0"
        }
      },
      "MessagePipe.Interprocess": {
        "type": "Direct",
        "requested": "[1.8.1, )",
        "resolved": "1.8.1",
        "contentHash": "cf+KowKA4RX1iFw7nSSKnFlVh8TYPiNZTfv5APj8zH9wTASkhezTdlQiMiXdv9AT8M2VkTzp5setRcchbZqINg==",
        "dependencies": {
          "MessagePack": "2.3.85",
          "MessagePipe": "1.8.1",
          "System.IO.Pipelines": "6.0.3"
        }
      },
      "Microsoft.Extensions.DependencyInjection": {
        "type": "Direct",
        "requested": "[10.0.7, )",
        "resolved": "10.0.7",
        "contentHash": "91F/o3emPV/+xY/ip3s2LqDNF14kjttlVtq0BXgg6p4MnCzeSZxnUJm+t6WRrtD3JdGo88/oX+z7OwK4y8PZuw==",
        "dependencies": {
          "Microsoft.Extensions.DependencyInjection.Abstractions": "10.0.7"
        }
      },
      "Roslynator.Analyzers": {
        "type": "Direct",
        "requested": "[4.15.0, )",
        "resolved": "4.15.0",
        "contentHash": "E8fu71Y+vzhniJKy1K13Rzwm8Vjcj7CDFBpflqncKUZfc3SzuF0kMBiyMmgXNPkjWTdE3Z+30HlGgYjHONZY/Q=="
      },
      "Roslynator.Formatting.Analyzers": {
        "type": "Direct",
        "requested": "[4.15.0, )",
        "resolved": "4.15.0",
        "contentHash": "/LvSJGJbrx+OYC2GePmiAA9fRTfz37R/oaHC2j8YK/j9lE8ykZESCGTMVGqXF5woc6RbzfJlpYkzeG6fAV6hFQ=="
      },
      "Taiwu.ModKit.References.Plugin": {
        "type": "Direct",
        "requested": "[0.84.46-test, )",
        "resolved": "0.84.46-test",
        "contentHash": "7qNz5BdFeFJelK4Q0TzWtfe/n/zm5+TqQQa/Jwl2iBl+r6WxZ5wsWD5FIWZuyifyipSwTJFY4LdmpknHA3JEdA=="
      },
      "MessagePack": {
        "type": "Transitive",
        "resolved": "2.3.85",
        "contentHash": "wOabnqkrXp7oeEYLY4Kd0m0eT4falJQukqvErfz5Y4FKKo9mSQQ1+rMxx9mapF2el+P0XQxiZOBKFm+oCvu0aw==",
        "dependencies": {
          "MessagePack.Annotations": "2.3.85"
        }
      },
      "MessagePack.Annotations": {
        "type": "Transitive",
        "resolved": "2.3.85",
        "contentHash": "2GCYZ9qgNS5Og0tiqfhWRhcfDZI/iRi8t07R0fNic1HthMMRfWxWOKDIBhtMA1RwZM4BuRsmJXUgk3evyisb1w=="
      },
      "Microsoft.Extensions.DependencyInjection.Abstractions": {
        "type": "Transitive",
        "resolved": "10.0.7",
        "contentHash": "Z6mfFEaFcwCfSboxJwOLfu7/31npCY9q70WUamHW/vRQhDvBKOT4Vf9YkZj5J6hLvJpb0oDEYfHunQZj0xxvKw=="
      },
      "System.IO.Pipelines": {
        "type": "Transitive",
        "resolved": "10.0.7",
        "contentHash": "LTxXYYKmRhPKWveYmfzuRTUnzsfY7CN+WOq6aTRgYE9vJ8BUvIWPCaSx4HxqBwXViTPSjR9cHDOVuVPuZGRR/Q=="
      },
      "System.Text.Encodings.Web": {
        "type": "Transitive",
        "resolved": "10.0.7",
        "contentHash": "WUH+viO8VDG8NpFKvOBwpeyKUiPOMz3kQpA6AKCD4b2NG1pBhyC4AwTb357iZmTxZDnkM4IsFnvzN8W8OKmsHg=="
      },
      "xiangshu.ipc": {
        "type": "Project",
        "dependencies": {
          "System.Text.Json": "[10.0.7, )"
        }
      },
      "System.Text.Json": {
        "type": "CentralTransitive",
        "requested": "[10.0.7, )",
        "resolved": "10.0.7",
        "contentHash": "F8Pu2QLUMeniVbtiyk7n7LCfFYxlcJ8ASaSwglJyq6dxa34iCQrikQszsgJClIJWuSWjcyhKkV7daAzYJqeVwA==",
        "dependencies": {
          "System.IO.Pipelines": "10.0.7",
          "System.Text.Encodings.Web": "10.0.7"
        }
      }
    }
  }
}