{
  "version": 2,
  "dependencies": {
    "net8.0": {
      "ILRepack.Lib.MSBuild.Task": {
        "type": "Direct",
        "requested": "[2.0.45, )",
        "resolved": "2.0.45",
        "contentHash": "SWGkzp5rT48gGK1ZR0GenOHh9CWaFwxI+NsHl3Cp/+N9G1NtVjpfk3Bxl5D8Uy+ciR7Q8P//CUvFZX1tsJQnQA=="
      },
      "Krafs.Publicizer": {
        "type": "Direct",
        "requested": "[2.3.0, )",
        "resolved": "2.3.0",
        "contentHash": "DjktTgctwxUMhMkWKrRECer3LR1lHzanCOlE4mpinAiY8SfWJq4DG/QitP5h1A+WBjyWHzQSOG+204i3VpO1FA=="
      },
      "Roslynator.Analyzers": {
        "type": "Direct",
        "requested": "[4.15.0, )",
        "resolved": "4.15.0",
        "contentHash": "E8fu71Y+vzhniJKy1K13Rzwm8Vjcj7CDFBpflqncKUZfc3SzuF0kMBiyMmgXNPkjWTdE3Z+30HlGgYjHONZY/Q=="
      },
      "Roslynator.Formatting.Analyzers": {
        "type": "Direct",
        "requested": "[4.15.0, )",
        "resolved": "4.15.0",
        "contentHash": "/LvSJGJbrx+OYC2GePmiAA9fRTfz37R/oaHC2j8YK/j9lE8ykZESCGTMVGqXF5woc6RbzfJlpYkzeG6fAV6hFQ=="
      },
      "Taiwu.ModKit.References.Plugin": {
        "type": "Direct",
        "requested": "[0.84.46-test, )",
        "resolved": "0.84.46-test",
        "contentHash": "7qNz5BdFeFJelK4Q0TzWtfe/n/zm5+TqQQa/Jwl2iBl+r6WxZ5wsWD5FIWZuyifyipSwTJFY4LdmpknHA3JEdA=="
      },
      "xiangshu.backendagenttools": {
        "type": "Project"
      }
    }
  }
}