{
  "version": 2,
  "dependencies": {
    ".NETStandard,Version=v2.1": {
      "Roslynator.Analyzers": {
        "type": "Direct",
        "requested": "[4.15.0, )",
        "resolved": "4.15.0",
        "contentHash": "E8fu71Y+vzhniJKy1K13Rzwm8Vjcj7CDFBpflqncKUZfc3SzuF0kMBiyMmgXNPkjWTdE3Z+30HlGgYjHONZY/Q=="
      },
      "Roslynator.Formatting.Analyzers": {
        "type": "Direct",
        "requested": "[4.15.0, )",
        "resolved": "4.15.0",
        "contentHash": "/LvSJGJbrx+OYC2GePmiAA9fRTfz37R/oaHC2j8YK/j9lE8ykZESCGTMVGqXF5woc6RbzfJlpYkzeG6fAV6hFQ=="
      },
      "Taiwu.ModKit.Dependencies.UniTask": {
        "type": "Direct",
        "requested": "[2.5.11-unity2022.3.62f2, )",
        "resolved": "2.5.11-unity2022.3.62f2",
        "contentHash": "nMBcZEMhOz7cvSJX1M9e5C6VyRlTQ6uqKjw5Xid+1MURjw0N+Wn4CiTRN69ZkjSMKPjlsJELszEZEWX5+yOMFQ=="
      },
      "Taiwu.ModKit.References.Frontend": {
        "type": "Direct",
        "requested": "[0.84.46-test, )",
        "resolved": "0.84.46-test",
        "contentHash": "XYtCwapP0SDPR880immBkPjOOGr9JTVV4OJatUP7PcBYtk42uI1Cla1/aIT9l81zTDse5XmJ4DtmBxZGghHdcw==",
        "dependencies": {
          "Taiwu.ModKit.References.Plugin": "[0.84.46-test]",
          "Taiwu.ModKit.References.Shared": "[0.84.46-test]",
          "Taiwu.ModKit.References.Unity": "[0.84.46-test]"
        }
      },
      "Taiwu.ModKit.References.Plugin": {
        "type": "Direct",
        "requested": "[0.84.46-test, )",
        "resolved": "0.84.46-test",
        "contentHash": "7qNz5BdFeFJelK4Q0TzWtfe/n/zm5+TqQQa/Jwl2iBl+r6WxZ5wsWD5FIWZuyifyipSwTJFY4LdmpknHA3JEdA=="
      },
      "Taiwu.ModKit.References.Shared": {
        "type": "CentralTransitive",
        "requested": "[0.84.46-test, )",
        "resolved": "0.84.46-test",
        "contentHash": "L2UMAlASZfcdY02RWWXyw94oQfqZoDfY7Hk2tv15F1JybH9sXG5sm78exRqLV0iDQJkiAhTf6dmc4qoY/96lcQ==",
        "dependencies": {
          "Taiwu.ModKit.References.Plugin": "[0.84.46-test]"
        }
      },
      "Taiwu.ModKit.References.Unity": {
        "type": "CentralTransitive",
        "requested": "[0.84.46-test, )",
        "resolved": "0.84.46-test",
        "contentHash": "U6Mn3UORopp6AAlWizbtKxkh5B2gl2sWHajN4UXVcgbu82nhZYwNb2whas1VpSYuRb5wBQwkbp4F4uoiPfvXnQ=="
      }
    }
  }
}