{
  "version": 2,
  "dependencies": {
    ".NETStandard,Version=v2.1": {
      "Roslynator.Analyzers": {
        "type": "Direct",
        "requested": "[4.15.0, )",
        "resolved": "4.15.0",
        "contentHash": "E8fu71Y+vzhniJKy1K13Rzwm8Vjcj7CDFBpflqncKUZfc3SzuF0kMBiyMmgXNPkjWTdE3Z+30HlGgYjHONZY/Q=="
      },
      "Roslynator.Formatting.Analyzers": {
        "type": "Direct",
        "requested": "[4.15.0, )",
        "resolved": "4.15.0",
        "contentHash": "/LvSJGJbrx+OYC2GePmiAA9fRTfz37R/oaHC2j8YK/j9lE8ykZESCGTMVGqXF5woc6RbzfJlpYkzeG6fAV6hFQ=="
      },
      "Taiwu.ModKit.Dependencies.UniTask": {
        "type": "Direct",
        "requested": "[2.5.11-unity2022.3.62f2, )",
        "resolved": "2.5.11-unity2022.3.62f2",
        "contentHash": "glLg14zfb9eG4YFmxdRenmRKvgxIpHyBHmLjw+XVxgB4CgJz27KOiaMuB6pL3sbnUT5GVYKW1WYYVXOKMISO/Q=="
      },
      "Taiwu.ModKit.References.Frontend": {
        "type": "Direct",
        "requested": "[1.0.44, )",
        "resolved": "1.0.44",
        "contentHash": "k7YlHzA9pz7Laa1dQ3+55J3P1183HpExZyCFVdPmcOThplchtmbjsPzol5qa1e/zcRMphdU25t+uHScN0nDURQ==",
        "dependencies": {
          "Taiwu.ModKit.References.Plugin": "[1.0.44]",
          "Taiwu.ModKit.References.Shared": "[1.0.44]",
          "Taiwu.ModKit.References.Unity": "[1.0.44]"
        }
      },
      "Taiwu.ModKit.References.Shared": {
        "type": "Direct",
        "requested": "[1.0.44, )",
        "resolved": "1.0.44",
        "contentHash": "x/PhL7trh0lL1+vMlFUwM/+q3aBOai1nJ2AR3OlhasuDThc7sxe9cVG5vDYojZoap3G1AJWsw/tO78VnPKydFA==",
        "dependencies": {
          "Taiwu.ModKit.References.Plugin": "[1.0.44]"
        }
      },
      "Taiwu.ModKit.References.Plugin": {
        "type": "CentralTransitive",
        "requested": "[1.0.44, )",
        "resolved": "1.0.44",
        "contentHash": "D2dUC5vL5fdNJaEW+cV/bLYOgsT6ETZTEX39L4puMiGBzEG5Y3jWri+Gyd3bgNBY9dJKUpP2ts8dq/KOwrYj+w=="
      },
      "Taiwu.ModKit.References.Unity": {
        "type": "CentralTransitive",
        "requested": "[1.0.44, )",
        "resolved": "1.0.44",
        "contentHash": "eNiT6PskTZ7Sv+AsCkR+3DApfZL3PyjxG5CSHIWdmTmfEQWp+q/sYAnNtgQvpAK9WvfKJlT3ajRigpe6PLk1zw=="
      }
    },
    "net8.0": {
      "Roslynator.Analyzers": {
        "type": "Direct",
        "requested": "[4.15.0, )",
        "resolved": "4.15.0",
        "contentHash": "E8fu71Y+vzhniJKy1K13Rzwm8Vjcj7CDFBpflqncKUZfc3SzuF0kMBiyMmgXNPkjWTdE3Z+30HlGgYjHONZY/Q=="
      },
      "Roslynator.Formatting.Analyzers": {
        "type": "Direct",
        "requested": "[4.15.0, )",
        "resolved": "4.15.0",
        "contentHash": "/LvSJGJbrx+OYC2GePmiAA9fRTfz37R/oaHC2j8YK/j9lE8ykZESCGTMVGqXF5woc6RbzfJlpYkzeG6fAV6hFQ=="
      },
      "Taiwu.ModKit.References.Backend": {
        "type": "Direct",
        "requested": "[1.0.44, )",
        "resolved": "1.0.44",
        "contentHash": "QXziMIz5w6OLZFUgZHEENIJ1a9choKbeewYDHReAV8o+LQ4o3h+7qXnRcIBRIgU8b50x4nO2ffKIAYx2moMjgQ==",
        "dependencies": {
          "Taiwu.ModKit.References.Plugin": "[1.0.44]",
          "Taiwu.ModKit.References.Shared": "[1.0.44]"
        }
      },
      "Taiwu.ModKit.References.Shared": {
        "type": "Direct",
        "requested": "[1.0.44, )",
        "resolved": "1.0.44",
        "contentHash": "x/PhL7trh0lL1+vMlFUwM/+q3aBOai1nJ2AR3OlhasuDThc7sxe9cVG5vDYojZoap3G1AJWsw/tO78VnPKydFA==",
        "dependencies": {
          "Taiwu.ModKit.References.Plugin": "[1.0.44]"
        }
      },
      "Taiwu.ModKit.References.Plugin": {
        "type": "CentralTransitive",
        "requested": "[1.0.44, )",
        "resolved": "1.0.44",
        "contentHash": "D2dUC5vL5fdNJaEW+cV/bLYOgsT6ETZTEX39L4puMiGBzEG5Y3jWri+Gyd3bgNBY9dJKUpP2ts8dq/KOwrYj+w=="
      }
    }
  }
}