{
  "version": 2,
  "dependencies": {
    ".NETStandard,Version=v2.1": {
      "Roslynator.Analyzers": {
        "type": "Direct",
        "requested": "[4.15.0, )",
        "resolved": "4.15.0",
        "contentHash": "E8fu71Y+vzhniJKy1K13Rzwm8Vjcj7CDFBpflqncKUZfc3SzuF0kMBiyMmgXNPkjWTdE3Z+30HlGgYjHONZY/Q=="
      },
      "Roslynator.Formatting.Analyzers": {
        "type": "Direct",
        "requested": "[4.15.0, )",
        "resolved": "4.15.0",
        "contentHash": "/LvSJGJbrx+OYC2GePmiAA9fRTfz37R/oaHC2j8YK/j9lE8ykZESCGTMVGqXF5woc6RbzfJlpYkzeG6fAV6hFQ=="
      },
      "Taiwu.ModKit.Dependencies.UniTask": {
        "type": "Direct",
        "requested": "[2.5.11-unity2022.3.62f2, )",
        "resolved": "2.5.11-unity2022.3.62f2",
        "contentHash": "glLg14zfb9eG4YFmxdRenmRKvgxIpHyBHmLjw+XVxgB4CgJz27KOiaMuB6pL3sbnUT5GVYKW1WYYVXOKMISO/Q=="
      },
      "Taiwu.ModKit.References.Frontend": {
        "type": "Direct",
        "requested": "[1.0.29, )",
        "resolved": "1.0.29",
        "contentHash": "7anE8N7y9BEGqDl49jhvL2BFEsJ1yCawFwGJkTU3pHOnY4uqtHfmzRaWT7murcSNHwk/8/GZTtsMu8iyFe84jw==",
        "dependencies": {
          "Taiwu.ModKit.References.Plugin": "[1.0.29]",
          "Taiwu.ModKit.References.Shared": "[1.0.29]",
          "Taiwu.ModKit.References.Unity": "[1.0.29]"
        }
      },
      "Taiwu.ModKit.References.Shared": {
        "type": "Direct",
        "requested": "[1.0.29, )",
        "resolved": "1.0.29",
        "contentHash": "DaLN7dxUpBLjEKHmtbfPFUg3d13dsQg+zNVxmRi7VDNKU4tzfj5NjP8p/wjRKBTy7o2UJu6PJTr/rwKxzzWcaw==",
        "dependencies": {
          "Taiwu.ModKit.References.Plugin": "[1.0.29]"
        }
      },
      "Taiwu.ModKit.References.Plugin": {
        "type": "CentralTransitive",
        "requested": "[1.0.29, )",
        "resolved": "1.0.29",
        "contentHash": "MR0N3fty1kSGh9IGVWD18Pbi4B5fCthe9aSVzUSKphiksRTKErKLJPPm/x1w+708WmM58om0JymNJ3hqVdOXKw=="
      },
      "Taiwu.ModKit.References.Unity": {
        "type": "CentralTransitive",
        "requested": "[1.0.29, )",
        "resolved": "1.0.29",
        "contentHash": "Y5J3YzLIF4NyZmJgWhTiRY8WzMx8yP8wFm2s0DrIiqfkMVHwhjZLPRKJOX0+nF88Pn60jSuYbIeXI5wIDuq9YQ=="
      }
    },
    "net8.0": {
      "Roslynator.Analyzers": {
        "type": "Direct",
        "requested": "[4.15.0, )",
        "resolved": "4.15.0",
        "contentHash": "E8fu71Y+vzhniJKy1K13Rzwm8Vjcj7CDFBpflqncKUZfc3SzuF0kMBiyMmgXNPkjWTdE3Z+30HlGgYjHONZY/Q=="
      },
      "Roslynator.Formatting.Analyzers": {
        "type": "Direct",
        "requested": "[4.15.0, )",
        "resolved": "4.15.0",
        "contentHash": "/LvSJGJbrx+OYC2GePmiAA9fRTfz37R/oaHC2j8YK/j9lE8ykZESCGTMVGqXF5woc6RbzfJlpYkzeG6fAV6hFQ=="
      },
      "Taiwu.ModKit.References.Backend": {
        "type": "Direct",
        "requested": "[1.0.29, )",
        "resolved": "1.0.29",
        "contentHash": "hmQQManiPSc+AkekNW6bGei8cvC92dDoLcfd2nKMYxV4NtScGPvucK+3vFQI1cmD4zy31Pv3LDgDsrPEvjVKHg==",
        "dependencies": {
          "Taiwu.ModKit.References.Plugin": "[1.0.29]",
          "Taiwu.ModKit.References.Shared": "[1.0.29]"
        }
      },
      "Taiwu.ModKit.References.Shared": {
        "type": "Direct",
        "requested": "[1.0.29, )",
        "resolved": "1.0.29",
        "contentHash": "DaLN7dxUpBLjEKHmtbfPFUg3d13dsQg+zNVxmRi7VDNKU4tzfj5NjP8p/wjRKBTy7o2UJu6PJTr/rwKxzzWcaw==",
        "dependencies": {
          "Taiwu.ModKit.References.Plugin": "[1.0.29]"
        }
      },
      "Taiwu.ModKit.References.Plugin": {
        "type": "CentralTransitive",
        "requested": "[1.0.29, )",
        "resolved": "1.0.29",
        "contentHash": "MR0N3fty1kSGh9IGVWD18Pbi4B5fCthe9aSVzUSKphiksRTKErKLJPPm/x1w+708WmM58om0JymNJ3hqVdOXKw=="
      }
    }
  }
}