{
  "version": 2,
  "dependencies": {
    ".NETStandard,Version=v2.1": {
      "Roslynator.Analyzers": {
        "type": "Direct",
        "requested": "[4.15.0, )",
        "resolved": "4.15.0",
        "contentHash": "E8fu71Y+vzhniJKy1K13Rzwm8Vjcj7CDFBpflqncKUZfc3SzuF0kMBiyMmgXNPkjWTdE3Z+30HlGgYjHONZY/Q=="
      },
      "Roslynator.Formatting.Analyzers": {
        "type": "Direct",
        "requested": "[4.15.0, )",
        "resolved": "4.15.0",
        "contentHash": "/LvSJGJbrx+OYC2GePmiAA9fRTfz37R/oaHC2j8YK/j9lE8ykZESCGTMVGqXF5woc6RbzfJlpYkzeG6fAV6hFQ=="
      },
      "Taiwu.ModKit.Dependencies.UniTask": {
        "type": "Direct",
        "requested": "[2.5.11-unity2022.3.62f2, )",
        "resolved": "2.5.11-unity2022.3.62f2",
        "contentHash": "glLg14zfb9eG4YFmxdRenmRKvgxIpHyBHmLjw+XVxgB4CgJz27KOiaMuB6pL3sbnUT5GVYKW1WYYVXOKMISO/Q=="
      },
      "Taiwu.ModKit.References.Frontend": {
        "type": "Direct",
        "requested": "[1.0.32, )",
        "resolved": "1.0.32",
        "contentHash": "ZtikojN0IUxPVEVgm6EXw0v0e556Yca+aW+XXg0WXKZYq4Yii/Pi2i0RUe2xG1aFPMkTXc9Yl4WgH0UH6vcrKw==",
        "dependencies": {
          "Taiwu.ModKit.References.Plugin": "[1.0.32]",
          "Taiwu.ModKit.References.Shared": "[1.0.32]",
          "Taiwu.ModKit.References.Unity": "[1.0.32]"
        }
      },
      "Taiwu.ModKit.References.Shared": {
        "type": "Direct",
        "requested": "[1.0.32, )",
        "resolved": "1.0.32",
        "contentHash": "0HKLyIl+LbOwGffxmuwk/YpQgOkWRGooN/qTS7D+EoBqU8wH+u8wKkO3mUNJ90lAzqgmWTU/0RoP77l1lGKMHw==",
        "dependencies": {
          "Taiwu.ModKit.References.Plugin": "[1.0.32]"
        }
      },
      "Taiwu.ModKit.References.Plugin": {
        "type": "CentralTransitive",
        "requested": "[1.0.32, )",
        "resolved": "1.0.32",
        "contentHash": "ZJ22ACrmt6wSir5Rem4Qwco4kjPr0xl3h5hOxrmjhiEtfE9YyNcAJlhXuLcIfWInfbwtLi3NSkPJVXH8Iv3xgw=="
      },
      "Taiwu.ModKit.References.Unity": {
        "type": "CentralTransitive",
        "requested": "[1.0.32, )",
        "resolved": "1.0.32",
        "contentHash": "VTHynoIdOb/g4itJof2UgmEuhZg/0IAKWCbasZ/k6iNb2yIRADaC3UNg1FgN7+0+hnuMq84fKHgfR0eN+u5UFw=="
      }
    },
    "net8.0": {
      "Roslynator.Analyzers": {
        "type": "Direct",
        "requested": "[4.15.0, )",
        "resolved": "4.15.0",
        "contentHash": "E8fu71Y+vzhniJKy1K13Rzwm8Vjcj7CDFBpflqncKUZfc3SzuF0kMBiyMmgXNPkjWTdE3Z+30HlGgYjHONZY/Q=="
      },
      "Roslynator.Formatting.Analyzers": {
        "type": "Direct",
        "requested": "[4.15.0, )",
        "resolved": "4.15.0",
        "contentHash": "/LvSJGJbrx+OYC2GePmiAA9fRTfz37R/oaHC2j8YK/j9lE8ykZESCGTMVGqXF5woc6RbzfJlpYkzeG6fAV6hFQ=="
      },
      "Taiwu.ModKit.References.Backend": {
        "type": "Direct",
        "requested": "[1.0.32, )",
        "resolved": "1.0.32",
        "contentHash": "WUpjQdvc1CVwfnR6uXN1lxwnzboroaqIiitfvDMCOe4YFStq2tPPsF9vTDPpnbEMjGySJTxdO+QQQMEqkBb9BA==",
        "dependencies": {
          "Taiwu.ModKit.References.Plugin": "[1.0.32]",
          "Taiwu.ModKit.References.Shared": "[1.0.32]"
        }
      },
      "Taiwu.ModKit.References.Shared": {
        "type": "Direct",
        "requested": "[1.0.32, )",
        "resolved": "1.0.32",
        "contentHash": "0HKLyIl+LbOwGffxmuwk/YpQgOkWRGooN/qTS7D+EoBqU8wH+u8wKkO3mUNJ90lAzqgmWTU/0RoP77l1lGKMHw==",
        "dependencies": {
          "Taiwu.ModKit.References.Plugin": "[1.0.32]"
        }
      },
      "Taiwu.ModKit.References.Plugin": {
        "type": "CentralTransitive",
        "requested": "[1.0.32, )",
        "resolved": "1.0.32",
        "contentHash": "ZJ22ACrmt6wSir5Rem4Qwco4kjPr0xl3h5hOxrmjhiEtfE9YyNcAJlhXuLcIfWInfbwtLi3NSkPJVXH8Iv3xgw=="
      }
    }
  }
}