{
  "version": 2,
  "dependencies": {
    "net8.0": {
      "MessagePack": {
        "type": "Direct",
        "requested": "[3.1.4, )",
        "resolved": "3.1.4",
        "contentHash": "BH0wlHWmVoZpbAPyyt2Awbq30C+ZsS3eHSkYdnyUAbqVJ22fAJDzn2xTieBeoT5QlcBzp61vHcv878YJGfi3mg==",
        "dependencies": {
          "MessagePack.Annotations": "3.1.4",
          "MessagePackAnalyzer": "3.1.4",
          "Microsoft.NET.StringTools": "17.11.4"
        }
      },
      "MessagePipe": {
        "type": "Direct",
        "requested": "[1.8.2, )",
        "resolved": "1.8.2",
        "contentHash": "ZTQERiwXB0ev/3TWDsKmzXOkxQ1a0fwcTljghSRZQq2hLUJ16SNw/gcjEjvyeKOX90DPkbV2sSv86aGb+2ryxQ==",
        "dependencies": {
          "Microsoft.Extensions.DependencyInjection.Abstractions": "6.0.0"
        }
      },
      "MessagePipe.Interprocess": {
        "type": "Direct",
        "requested": "[1.8.2, )",
        "resolved": "1.8.2",
        "contentHash": "70pxlvR+fNoYRdyD/XzpmPO/RhqdaTPftlVKma17/QAHpmS8EyN8B7wgadJtfKEv6c+S0GBW9ycgBOWd+ZKMbQ==",
        "dependencies": {
          "MessagePack": "3.1.4",
          "MessagePipe": "1.8.2",
          "System.IO.Pipelines": "6.0.3"
        }
      },
      "Microsoft.CodeAnalysis.CSharp": {
        "type": "Direct",
        "requested": "[4.13.0, )",
        "resolved": "4.13.0",
        "contentHash": "BsH7Vijbj9IL7Fj4k/ysZSVyLGFqr75wmdFGwCKWJvSjnA1xwPaQ3hkB2BQdHOt5CpEYA6Q0I6Oo5sDTDHqHsg==",
        "dependencies": {
          "Microsoft.CodeAnalysis.Analyzers": "3.11.0",
          "Microsoft.CodeAnalysis.Common": "[4.13.0]",
          "System.Collections.Immutable": "8.0.0",
          "System.Reflection.Metadata": "8.0.0"
        }
      },
      "Microsoft.Extensions.DependencyInjection": {
        "type": "Direct",
        "requested": "[6.0.0, )",
        "resolved": "6.0.0",
        "contentHash": "k6PWQMuoBDGGHOQTtyois2u4AwyVcIwL2LaSLlTZQm2CYcJ1pxbt6jfAnpWmzENA/wfrYRI/X9DTLoUkE4AsLw==",
        "dependencies": {
          "Microsoft.Extensions.DependencyInjection.Abstractions": "6.0.0",
          "System.Runtime.CompilerServices.Unsafe": "6.0.0"
        }
      },
      "Roslynator.Analyzers": {
        "type": "Direct",
        "requested": "[4.15.0, )",
        "resolved": "4.15.0",
        "contentHash": "E8fu71Y+vzhniJKy1K13Rzwm8Vjcj7CDFBpflqncKUZfc3SzuF0kMBiyMmgXNPkjWTdE3Z+30HlGgYjHONZY/Q=="
      },
      "Roslynator.Formatting.Analyzers": {
        "type": "Direct",
        "requested": "[4.15.0, )",
        "resolved": "4.15.0",
        "contentHash": "/LvSJGJbrx+OYC2GePmiAA9fRTfz37R/oaHC2j8YK/j9lE8ykZESCGTMVGqXF5woc6RbzfJlpYkzeG6fAV6hFQ=="
      },
      "Taiwu.ModKit.References.Backend": {
        "type": "Direct",
        "requested": "[1.0.44, )",
        "resolved": "1.0.44",
        "contentHash": "QXziMIz5w6OLZFUgZHEENIJ1a9choKbeewYDHReAV8o+LQ4o3h+7qXnRcIBRIgU8b50x4nO2ffKIAYx2moMjgQ==",
        "dependencies": {
          "Taiwu.ModKit.References.Plugin": "[1.0.44]",
          "Taiwu.ModKit.References.Shared": "[1.0.44]"
        }
      },
      "Taiwu.ModKit.References.Plugin": {
        "type": "Direct",
        "requested": "[1.0.44, )",
        "resolved": "1.0.44",
        "contentHash": "D2dUC5vL5fdNJaEW+cV/bLYOgsT6ETZTEX39L4puMiGBzEG5Y3jWri+Gyd3bgNBY9dJKUpP2ts8dq/KOwrYj+w=="
      },
      "MessagePack.Annotations": {
        "type": "Transitive",
        "resolved": "3.1.4",
        "contentHash": "aVWrDAkCdqxwQsz/q0ldPh2EFn48M99YUzE9OvZjMq2RNLKz4o2z88iGFvSvbMqOWRweRvKPHBJZe22PRqzslQ=="
      },
      "MessagePackAnalyzer": {
        "type": "Transitive",
        "resolved": "3.1.4",
        "contentHash": "CTaSsN/liJ7MhLCAB7Z4ZLBNuVGCq9lt2BT/cbrc9vzGv89yK3CqIA+z9T19a11eQYl9etZHL6MQJgCqECRVpg=="
      },
      "Microsoft.CodeAnalysis.Analyzers": {
        "type": "Transitive",
        "resolved": "3.11.0",
        "contentHash": "v/EW3UE8/lbEYHoC2Qq7AR/DnmvpgdtAMndfQNmpuIMx/Mto8L5JnuCfdBYtgvalQOtfNCnxFejxuRrryvUTsg=="
      },
      "Microsoft.CodeAnalysis.Common": {
        "type": "Transitive",
        "resolved": "4.13.0",
        "contentHash": "T8nRl4mAUY4mhdYM4U2ra2vP2EL+ol8Yqwo0gwC/V55vmlXq9NxdIkZJynTpTL1uX/jHijJ90AeOEx4lf7OwzQ==",
        "dependencies": {
          "Microsoft.CodeAnalysis.Analyzers": "3.11.0",
          "System.Collections.Immutable": "8.0.0",
          "System.Reflection.Metadata": "8.0.0"
        }
      },
      "Microsoft.Extensions.DependencyInjection.Abstractions": {
        "type": "Transitive",
        "resolved": "6.0.0",
        "contentHash": "xlzi2IYREJH3/m6+lUrQlujzX8wDitm4QGnUu6kUXTQAWPuZY8i+ticFJbzfqaetLA6KR/rO6Ew/HuYD+bxifg=="
      },
      "Microsoft.NET.StringTools": {
        "type": "Transitive",
        "resolved": "17.11.4",
        "contentHash": "mudqUHhNpeqIdJoUx2YDWZO/I9uEDYVowan89R6wsomfnUJQk6HteoQTlNjZDixhT2B4IXMkMtgZtoceIjLRmA=="
      },
      "System.Collections.Immutable": {
        "type": "Transitive",
        "resolved": "8.0.0",
        "contentHash": "AurL6Y5BA1WotzlEvVaIDpqzpIPvYnnldxru8oXJU2yFxFUy3+pNXjXd1ymO+RA0rq0+590Q8gaz2l3Sr7fmqg=="
      },
      "System.IO.Pipelines": {
        "type": "Transitive",
        "resolved": "6.0.3",
        "contentHash": "ryTgF+iFkpGZY1vRQhfCzX0xTdlV3pyaTTqRu2ETbEv+HlV7O6y7hyQURnghNIXvctl5DuZ//Dpks6HdL/Txgw=="
      },
      "System.Reflection.Metadata": {
        "type": "Transitive",
        "resolved": "8.0.0",
        "contentHash": "ptvgrFh7PvWI8bcVqG5rsA/weWM09EnthFHR5SCnS6IN+P4mj6rE1lBDC4U8HL9/57htKAqy4KQ3bBj84cfYyQ==",
        "dependencies": {
          "System.Collections.Immutable": "8.0.0"
        }
      },
      "System.Runtime.CompilerServices.Unsafe": {
        "type": "Transitive",
        "resolved": "6.0.0",
        "contentHash": "/iUeP3tq1S0XdNNoMz5C9twLSrM/TH+qElHkXWaPvuNOt+99G75NrV0OS2EqHx5wMN7popYjpc8oTjC1y16DLg=="
      },
      "wanxiang.prelude.pluginloading": {
        "type": "Project"
      },
      "Taiwu.ModKit.References.Shared": {
        "type": "CentralTransitive",
        "requested": "[1.0.44, )",
        "resolved": "1.0.44",
        "contentHash": "x/PhL7trh0lL1+vMlFUwM/+q3aBOai1nJ2AR3OlhasuDThc7sxe9cVG5vDYojZoap3G1AJWsw/tO78VnPKydFA==",
        "dependencies": {
          "Taiwu.ModKit.References.Plugin": "[1.0.44]"
        }
      }
    }
  }
}