{
  "version": 2,
  "dependencies": {
    ".NETStandard,Version=v2.1": {
      "Roslynator.Analyzers": {
        "type": "Direct",
        "requested": "[4.15.0, )",
        "resolved": "4.15.0",
        "contentHash": "E8fu71Y+vzhniJKy1K13Rzwm8Vjcj7CDFBpflqncKUZfc3SzuF0kMBiyMmgXNPkjWTdE3Z+30HlGgYjHONZY/Q=="
      },
      "Roslynator.Formatting.Analyzers": {
        "type": "Direct",
        "requested": "[4.15.0, )",
        "resolved": "4.15.0",
        "contentHash": "/LvSJGJbrx+OYC2GePmiAA9fRTfz37R/oaHC2j8YK/j9lE8ykZESCGTMVGqXF5woc6RbzfJlpYkzeG6fAV6hFQ=="
      },
      "Taiwu.ModKit.References.Shared": {
        "type": "Direct",
        "requested": "[1.0.1, )",
        "resolved": "1.0.1",
        "contentHash": "cPGxItJxHn39tHBq5JWbrs6wEJpMJ1vRm/52v3Fmm2+chClYnn+EXwFKOQZkIET6Oodd+l2g9gbIOiIZn9sI3w==",
        "dependencies": {
          "Taiwu.ModKit.References.Plugin": "[1.0.1]"
        }
      },
      "Taiwu.ModKit.References.Plugin": {
        "type": "CentralTransitive",
        "requested": "[1.0.1, )",
        "resolved": "1.0.1",
        "contentHash": "mlsRsZtnqnymbbVdzuqMVRCJ738c+PFpNQ0II8x1WO3o9vzUPc00MPk6RuIFFX9zatwZSDRH0Zd30xYUe8Y5QQ=="
      }
    },
    "net8.0": {
      "Roslynator.Analyzers": {
        "type": "Direct",
        "requested": "[4.15.0, )",
        "resolved": "4.15.0",
        "contentHash": "E8fu71Y+vzhniJKy1K13Rzwm8Vjcj7CDFBpflqncKUZfc3SzuF0kMBiyMmgXNPkjWTdE3Z+30HlGgYjHONZY/Q=="
      },
      "Roslynator.Formatting.Analyzers": {
        "type": "Direct",
        "requested": "[4.15.0, )",
        "resolved": "4.15.0",
        "contentHash": "/LvSJGJbrx+OYC2GePmiAA9fRTfz37R/oaHC2j8YK/j9lE8ykZESCGTMVGqXF5woc6RbzfJlpYkzeG6fAV6hFQ=="
      },
      "Taiwu.ModKit.References.Shared": {
        "type": "Direct",
        "requested": "[1.0.1, )",
        "resolved": "1.0.1",
        "contentHash": "cPGxItJxHn39tHBq5JWbrs6wEJpMJ1vRm/52v3Fmm2+chClYnn+EXwFKOQZkIET6Oodd+l2g9gbIOiIZn9sI3w==",
        "dependencies": {
          "Taiwu.ModKit.References.Plugin": "[1.0.1]"
        }
      },
      "Taiwu.ModKit.References.Plugin": {
        "type": "CentralTransitive",
        "requested": "[1.0.1, )",
        "resolved": "1.0.1",
        "contentHash": "mlsRsZtnqnymbbVdzuqMVRCJ738c+PFpNQ0II8x1WO3o9vzUPc00MPk6RuIFFX9zatwZSDRH0Zd30xYUe8Y5QQ=="
      }
    }
  }
}