{
  "version": 2,
  "dependencies": {
    ".NETStandard,Version=v2.1": {
      "Roslynator.Analyzers": {
        "type": "Direct",
        "requested": "[4.15.0, )",
        "resolved": "4.15.0",
        "contentHash": "E8fu71Y+vzhniJKy1K13Rzwm8Vjcj7CDFBpflqncKUZfc3SzuF0kMBiyMmgXNPkjWTdE3Z+30HlGgYjHONZY/Q=="
      },
      "Roslynator.Formatting.Analyzers": {
        "type": "Direct",
        "requested": "[4.15.0, )",
        "resolved": "4.15.0",
        "contentHash": "/LvSJGJbrx+OYC2GePmiAA9fRTfz37R/oaHC2j8YK/j9lE8ykZESCGTMVGqXF5woc6RbzfJlpYkzeG6fAV6hFQ=="
      },
      "Taiwu.ModKit.References.Shared": {
        "type": "Direct",
        "requested": "[1.0.29, )",
        "resolved": "1.0.29",
        "contentHash": "DaLN7dxUpBLjEKHmtbfPFUg3d13dsQg+zNVxmRi7VDNKU4tzfj5NjP8p/wjRKBTy7o2UJu6PJTr/rwKxzzWcaw==",
        "dependencies": {
          "Taiwu.ModKit.References.Plugin": "[1.0.29]"
        }
      },
      "Taiwu.ModKit.References.Plugin": {
        "type": "CentralTransitive",
        "requested": "[1.0.29, )",
        "resolved": "1.0.29",
        "contentHash": "MR0N3fty1kSGh9IGVWD18Pbi4B5fCthe9aSVzUSKphiksRTKErKLJPPm/x1w+708WmM58om0JymNJ3hqVdOXKw=="
      }
    },
    "net8.0": {
      "Roslynator.Analyzers": {
        "type": "Direct",
        "requested": "[4.15.0, )",
        "resolved": "4.15.0",
        "contentHash": "E8fu71Y+vzhniJKy1K13Rzwm8Vjcj7CDFBpflqncKUZfc3SzuF0kMBiyMmgXNPkjWTdE3Z+30HlGgYjHONZY/Q=="
      },
      "Roslynator.Formatting.Analyzers": {
        "type": "Direct",
        "requested": "[4.15.0, )",
        "resolved": "4.15.0",
        "contentHash": "/LvSJGJbrx+OYC2GePmiAA9fRTfz37R/oaHC2j8YK/j9lE8ykZESCGTMVGqXF5woc6RbzfJlpYkzeG6fAV6hFQ=="
      },
      "Taiwu.ModKit.References.Shared": {
        "type": "Direct",
        "requested": "[1.0.29, )",
        "resolved": "1.0.29",
        "contentHash": "DaLN7dxUpBLjEKHmtbfPFUg3d13dsQg+zNVxmRi7VDNKU4tzfj5NjP8p/wjRKBTy7o2UJu6PJTr/rwKxzzWcaw==",
        "dependencies": {
          "Taiwu.ModKit.References.Plugin": "[1.0.29]"
        }
      },
      "Taiwu.ModKit.References.Plugin": {
        "type": "CentralTransitive",
        "requested": "[1.0.29, )",
        "resolved": "1.0.29",
        "contentHash": "MR0N3fty1kSGh9IGVWD18Pbi4B5fCthe9aSVzUSKphiksRTKErKLJPPm/x1w+708WmM58om0JymNJ3hqVdOXKw=="
      }
    }
  }
}